
Microsoft Visual Studio Solution File, Format Version 12.00
# Visual Studio Version 16
VisualStudioVersion = 16.0.30011.22
MinimumVisualStudioVersion = 10.0.40219.1
Project("{FAE04EC0-301F-11D3-BF4B-00C04F79EFBC}") = "ConsoleHzk", "ConsoleHzk\ConsoleHzk.csproj", "{CC02BFB5-378D-4F44-BE79-E29835DC8F75}"
EndProject
Global
	GlobalSection(SolutionConfigurationPlatforms) = preSolution
		Debug|Any CPU = Debug|Any CPU
		Release|Any CPU = Release|Any CPU
	EndGlobalSection
	GlobalSection(ProjectConfigurationPlatforms) = postSolution
		{CC02BFB5-378D-4F44-BE79-E29835DC8F75}.Debug|Any CPU.ActiveCfg = Debug|Any CPU
		{CC02BFB5-378D-4F44-BE79-E29835DC8F75}.Debug|Any CPU.Build.0 = Debug|Any CPU
		{CC02BFB5-378D-4F44-BE79-E29835DC8F75}.Release|Any CPU.ActiveCfg = Release|Any CPU
		{CC02BFB5-378D-4F44-BE79-E29835DC8F75}.Release|Any CPU.Build.0 = Release|Any CPU
	EndGlobalSection
	GlobalSection(SolutionProperties) = preSolution
		HideSolutionNode = FALSE
	EndGlobalSection
	GlobalSection(ExtensibilityGlobals) = postSolution
		SolutionGuid = {8EE3D25B-0BF2-48A5-880C-31D0104B089A}
	EndGlobalSection
EndGlobal
